
Microsoft Visual Studio Solution File, Format Version 12.00
# Visual Studio Version 17
VisualStudioVersion = 17.5.33530.505
MinimumVisualStudioVersion = 10.0.40219.1
Project("{FAE04EC0-301F-11D3-BF4B-00C04F79EFBC}") = "BlackJack", "BlackJack\BlackJack.csproj", "{27DD5B21-FFFB-484C-B574-119A0994F0CA}"
EndProject
Global
	GlobalSection(SolutionConfigurationPlatforms) = preSolution
		Debug|Any CPU = Debug|Any CPU
		Release|Any CPU = Release|Any CPU
	EndGlobalSection
	GlobalSection(ProjectConfigurationPlatforms) = postSolution
		{27DD5B21-FFFB-484C-B574-119A0994F0CA}.Debug|Any CPU.ActiveCfg = Debug|Any CPU
		{27DD5B21-FFFB-484C-B574-119A0994F0CA}.Debug|Any CPU.Build.0 = Debug|Any CPU
		{27DD5B21-FFFB-484C-B574-119A0994F0CA}.Release|Any CPU.ActiveCfg = Release|Any CPU
		{27DD5B21-FFFB-484C-B574-119A0994F0CA}.Release|Any CPU.Build.0 = Release|Any CPU
	EndGlobalSection
	GlobalSection(SolutionProperties) = preSolution
		HideSolutionNode = FALSE
	EndGlobalSection
	GlobalSection(ExtensibilityGlobals) = postSolution
		SolutionGuid = {CABCD732-6A83-4002-A056-26AF8E9DF17C}
	EndGlobalSection
EndGlobal
